
Microsoft Visual Studio Solution File, Format Version 12.00
# Visual Studio Version 16
VisualStudioVersion = 16.0.32602.291
MinimumVisualStudioVersion = 10.0.40219.1
Project("{FAE04EC0-301F-11D3-BF4B-00C04F79EFBC}") = "CSharpCanBan", "CSharpCanBan\CSharpCanBan.csproj", "{5FCC31AA-DC0E-41EE-B8B2-13B11543F146}"
EndProject
Project("{FAE04EC0-301F-11D3-BF4B-00C04F79EFBC}") = "TamGiac", "TamGiac\TamGiac.csproj", "{4E8ACAE2-5996-4BB6-B9F2-AC150294F8E2}"
EndProject
Project("{FAE04EC0-301F-11D3-BF4B-00C04F79EFBC}") = "XepLoaiHS", "XepLoaiHS\XepLoaiHS.csproj", "{9C418DFA-ED3C-46C4-9282-9F7EFC63435B}"
EndProject
Project("{FAE04EC0-301F-11D3-BF4B-00C04F79EFBC}") = "TongChuoi", "TongChuoi\TongChuoi.csproj", "{8B3A0619-2F00-464B-A441-A17BEF17DF82}"
EndProject
Project("{FAE04EC0-301F-11D3-BF4B-00C04F79EFBC}") = "CanBacHai", "CanBacHai\CanBacHai.csproj", "{5B0A4D27-5372-4FD2-8BBC-8275E85DF609}"
EndProject
Global
	GlobalSection(SolutionConfigurationPlatforms) = preSolution
		Debug|Any CPU = Debug|Any CPU
		Release|Any CPU = Release|Any CPU
	EndGlobalSection
	GlobalSection(ProjectConfigurationPlatforms) = postSolution
		{5FCC31AA-DC0E-41EE-B8B2-13B11543F146}.Debug|Any CPU.ActiveCfg = Debug|Any CPU
		{5FCC31AA-DC0E-41EE-B8B2-13B11543F146}.Debug|Any CPU.Build.0 = Debug|Any CPU
		{5FCC31AA-DC0E-41EE-B8B2-13B11543F146}.Release|Any CPU.ActiveCfg = Release|Any CPU
		{5FCC31AA-DC0E-41EE-B8B2-13B11543F146}.Release|Any CPU.Build.0 = Release|Any CPU
		{4E8ACAE2-5996-4BB6-B9F2-AC150294F8E2}.Debug|Any CPU.ActiveCfg = Debug|Any CPU
		{4E8ACAE2-5996-4BB6-B9F2-AC150294F8E2}.Debug|Any CPU.Build.0 = Debug|Any CPU
		{4E8ACAE2-5996-4BB6-B9F2-AC150294F8E2}.Release|Any CPU.ActiveCfg = Release|Any CPU
		{4E8ACAE2-5996-4BB6-B9F2-AC150294F8E2}.Release|Any CPU.Build.0 = Release|Any CPU
		{9C418DFA-ED3C-46C4-9282-9F7EFC63435B}.Debug|Any CPU.ActiveCfg = Debug|Any CPU
		{9C418DFA-ED3C-46C4-9282-9F7EFC63435B}.Debug|Any CPU.Build.0 = Debug|Any CPU
		{9C418DFA-ED3C-46C4-9282-9F7EFC63435B}.Release|Any CPU.ActiveCfg = Release|Any CPU
		{9C418DFA-ED3C-46C4-9282-9F7EFC63435B}.Release|Any CPU.Build.0 = Release|Any CPU
		{8B3A0619-2F00-464B-A441-A17BEF17DF82}.Debug|Any CPU.ActiveCfg = Debug|Any CPU
		{8B3A0619-2F00-464B-A441-A17BEF17DF82}.Debug|Any CPU.Build.0 = Debug|Any CPU
		{8B3A0619-2F00-464B-A441-A17BEF17DF82}.Release|Any CPU.ActiveCfg = Release|Any CPU
		{8B3A0619-2F00-464B-A441-A17BEF17DF82}.Release|Any CPU.Build.0 = Release|Any CPU
		{5B0A4D27-5372-4FD2-8BBC-8275E85DF609}.Debug|Any CPU.ActiveCfg = Debug|Any CPU
		{5B0A4D27-5372-4FD2-8BBC-8275E85DF609}.Debug|Any CPU.Build.0 = Debug|Any CPU
		{5B0A4D27-5372-4FD2-8BBC-8275E85DF609}.Release|Any CPU.ActiveCfg = Release|Any CPU
		{5B0A4D27-5372-4FD2-8BBC-8275E85DF609}.Release|Any CPU.Build.0 = Release|Any CPU
	EndGlobalSection
	GlobalSection(SolutionProperties) = preSolution
		HideSolutionNode = FALSE
	EndGlobalSection
	GlobalSection(ExtensibilityGlobals) = postSolution
		SolutionGuid = {2D332AEE-453E-4539-BD8D-707FE83F853F}
	EndGlobalSection
EndGlobal
