
Microsoft Visual Studio Solution File, Format Version 12.00
# Visual Studio Version 16
VisualStudioVersion = 16.0.32602.291
MinimumVisualStudioVersion = 10.0.40219.1
Project("{FAE04EC0-301F-11D3-BF4B-00C04F79EFBC}") = "formLogin", "formLogin\formLogin.csproj", "{A89B0ACB-EE55-4BF7-A30E-B58E41D5804E}"
EndProject
Global
	GlobalSection(SolutionConfigurationPlatforms) = preSolution
		Debug|Any CPU = Debug|Any CPU
		Release|Any CPU = Release|Any CPU
	EndGlobalSection
	GlobalSection(ProjectConfigurationPlatforms) = postSolution
		{A89B0ACB-EE55-4BF7-A30E-B58E41D5804E}.Debug|Any CPU.ActiveCfg = Debug|Any CPU
		{A89B0ACB-EE55-4BF7-A30E-B58E41D5804E}.Debug|Any CPU.Build.0 = Debug|Any CPU
		{A89B0ACB-EE55-4BF7-A30E-B58E41D5804E}.Release|Any CPU.ActiveCfg = Release|Any CPU
		{A89B0ACB-EE55-4BF7-A30E-B58E41D5804E}.Release|Any CPU.Build.0 = Release|Any CPU
	EndGlobalSection
	GlobalSection(SolutionProperties) = preSolution
		HideSolutionNode = FALSE
	EndGlobalSection
	GlobalSection(ExtensibilityGlobals) = postSolution
		SolutionGuid = {D9D6DAE2-9466-4028-A637-673A5658C792}
	EndGlobalSection
EndGlobal
